{
  "version": 4,
  "terraform_version": "1.0.5",
  "serial": 3,
  "lineage": "18a78824-42ab-6d19-03a6-d067ecf6191d",
  "outputs": {},
  "resources": [
    {
      "mode": "managed",
      "type": "google_redis_instance",
      "name": "redis-from-tf",
      "provider": "provider[\"registry.terraform.io/hashicorp/google\"]",
      "instances": [
        {
          "schema_version": 0,
          "attributes": {
            "alternative_location_id": "",
            "auth_enabled": false,
            "auth_string": "",
            "authorized_network": "projects/terraform-gcp-363411/global/networks/default",
            "connect_mode": "DIRECT_PEERING",
            "create_time": "2022-09-25T08:09:04.725958494Z",
            "current_location_id": "asia-southeast1-a",
            "customer_managed_key": "",
            "display_name": "Redis Instance from terraform",
            "host": "10.74.51.139",
            "id": "projects/terraform-gcp-363411/locations/asia-southeast1/instances/redis-from-tf",
            "labels": null,
            "location_id": "asia-southeast1-a",
            "maintenance_policy": [],
            "maintenance_schedule": [],
            "memory_size_gb": 1,
            "name": "redis-from-tf",
            "nodes": [
              {
                "id": "node-0",
                "zone": "asia-southeast1-a"
              }
            ],
            "persistence_iam_identity": "serviceAccount:service-285860642587@cloud-redis.iam.gserviceaccount.com",
            "port": 6379,
            "project": "terraform-gcp-363411",
            "read_endpoint": "",
            "read_endpoint_port": 0,
            "read_replicas_mode": "READ_REPLICAS_DISABLED",
            "redis_configs": null,
            "redis_version": "REDIS_5_0",
            "region": "asia-southeast1",
            "replica_count": 0,
            "reserved_ip_range": "10.74.51.136/29",
            "secondary_ip_range": "",
            "server_ca_certs": [],
            "tier": "BASIC",
            "timeouts": null,
            "transit_encryption_mode": "DISABLED"
          },
          "sensitive_attributes": [],
          "private": "eyJlMmJmYjczMC1lY2FhLTExZTYtOGY4OC0zNDM2M2JjN2M0YzAiOnsiY3JlYXRlIjoxMjAwMDAwMDAwMDAwLCJkZWxldGUiOjEyMDAwMDAwMDAwMDAsInVwZGF0ZSI6MTIwMDAwMDAwMDAwMH19"
        }
      ]
    }
  ]
}
