{
  "version": 4,
  "terraform_version": "1.0.5",
  "serial": 15,
  "lineage": "f13d65bb-8f60-fb68-1fd7-df2dd4dde209",
  "outputs": {},
  "resources": [
    {
      "mode": "managed",
      "type": "google_storage_bucket",
      "name": "GCS1",
      "provider": "provider[\"registry.terraform.io/hashicorp/google\"]",
      "instances": [
        {
          "schema_version": 0,
          "attributes": {
            "cors": [],
            "default_event_based_hold": false,
            "encryption": [],
            "force_destroy": false,
            "id": "tf-course-bucket-from-tf-using-sa-raja",
            "labels": {
              "dep": "compliance",
              "env": "tf_env"
            },
            "lifecycle_rule": [
              {
                "action": [
                  {
                    "storage_class": "COLDLINE",
                    "type": "SetStorageClass"
                  }
                ],
                "condition": [
                  {
                    "age": 5,
                    "created_before": "",
                    "custom_time_before": "",
                    "days_since_custom_time": 0,
                    "days_since_noncurrent_time": 0,
                    "matches_prefix": [],
                    "matches_storage_class": [],
                    "matches_suffix": [],
                    "noncurrent_time_before": "",
                    "num_newer_versions": 0,
                    "with_state": "ANY"
                  }
                ]
              }
            ],
            "location": "US-CENTRAL1",
            "logging": [],
            "name": "tf-course-bucket-from-tf-using-sa-raja",
            "project": "terraform-gcp-363411",
            "requester_pays": false,
            "retention_policy": [
              {
                "is_locked": true,
                "retention_period": 864000
              }
            ],
            "self_link": "https://www.googleapis.com/storage/v1/b/tf-course-bucket-from-tf-using-sa-raja",
            "storage_class": "NEARLINE",
            "timeouts": null,
            "uniform_bucket_level_access": true,
            "url": "gs://tf-course-bucket-from-tf-using-sa-raja",
            "versioning": [],
            "website": []
          },
          "sensitive_attributes": [],
          "private": "eyJlMmJmYjczMC1lY2FhLTExZTYtOGY4OC0zNDM2M2JjN2M0YzAiOnsiY3JlYXRlIjoyNDAwMDAwMDAwMDAsInJlYWQiOjI0MDAwMDAwMDAwMCwidXBkYXRlIjoyNDAwMDAwMDAwMDB9fQ=="
        }
      ]
    },
    {
      "mode": "managed",
      "type": "google_storage_bucket_object",
      "name": "picture",
      "provider": "provider[\"registry.terraform.io/hashicorp/google\"]",
      "instances": [
        {
          "schema_version": 0,
          "attributes": {
            "bucket": "tf-course-bucket-from-tf-using-sa-raja",
            "cache_control": "",
            "content": null,
            "content_disposition": "",
            "content_encoding": "",
            "content_language": "",
            "content_type": "image/jpeg",
            "crc32c": "r7R4oA==",
            "customer_encryption": [],
            "detect_md5hash": "zmOZz4i7o5PSP5bMfhF2Tg==",
            "event_based_hold": false,
            "id": "tf-course-bucket-from-tf-using-sa-raja-vodafone_logo",
            "kms_key_name": "",
            "md5hash": "zmOZz4i7o5PSP5bMfhF2Tg==",
            "media_link": "https://storage.googleapis.com/download/storage/v1/b/tf-course-bucket-from-tf-using-sa-raja/o/vodafone_logo?generation=1663997961167145\u0026alt=media",
            "metadata": {},
            "name": "vodafone_logo",
            "output_name": "vodafone_logo",
            "self_link": "https://www.googleapis.com/storage/v1/b/tf-course-bucket-from-tf-using-sa-raja/o/vodafone_logo",
            "source": "vodafone.jpg",
            "storage_class": "NEARLINE",
            "temporary_hold": false,
            "timeouts": null
          },
          "sensitive_attributes": [],
          "private": "eyJlMmJmYjczMC1lY2FhLTExZTYtOGY4OC0zNDM2M2JjN2M0YzAiOnsiY3JlYXRlIjoyNDAwMDAwMDAwMDAsImRlbGV0ZSI6MjQwMDAwMDAwMDAwLCJ1cGRhdGUiOjI0MDAwMDAwMDAwMH19",
          "dependencies": [
            "google_storage_bucket.GCS1"
          ]
        }
      ]
    }
  ]
}
