{
  "version": 4,
  "terraform_version": "1.0.5",
  "serial": 6,
  "lineage": "f45361e0-f020-1a7c-8337-fc053007128f",
  "outputs": {},
  "resources": [
    {
      "mode": "managed",
      "type": "google_spanner_database",
      "name": "db1",
      "provider": "provider[\"registry.terraform.io/hashicorp/google\"]",
      "instances": [
        {
          "schema_version": 0,
          "attributes": {
            "database_dialect": "GOOGLE_STANDARD_SQL",
            "ddl": null,
            "deletion_protection": false,
            "encryption_config": [],
            "id": "spannertf/db1",
            "instance": "spannertf",
            "name": "db1",
            "project": "terraform-gcp-363411",
            "state": "READY",
            "timeouts": null,
            "version_retention_period": "1h"
          },
          "sensitive_attributes": [],
          "private": "eyJlMmJmYjczMC1lY2FhLTExZTYtOGY4OC0zNDM2M2JjN2M0YzAiOnsiY3JlYXRlIjoxMjAwMDAwMDAwMDAwLCJkZWxldGUiOjEyMDAwMDAwMDAwMDAsInVwZGF0ZSI6MTIwMDAwMDAwMDAwMH19",
          "dependencies": [
            "google_spanner_instance.spanner_tf"
          ]
        }
      ]
    },
    {
      "mode": "managed",
      "type": "google_spanner_instance",
      "name": "spanner_tf",
      "provider": "provider[\"registry.terraform.io/hashicorp/google\"]",
      "instances": [
        {
          "schema_version": 0,
          "attributes": {
            "config": "projects/terraform-gcp-363411/instanceConfigs/regional-asia-south1",
            "display_name": "Spanner from TF",
            "force_destroy": false,
            "id": "terraform-gcp-363411/spannertf",
            "labels": {
              "env": "learningtf"
            },
            "name": "spannertf",
            "num_nodes": 1,
            "processing_units": 1000,
            "project": "terraform-gcp-363411",
            "state": "READY",
            "timeouts": null
          },
          "sensitive_attributes": [],
          "private": "eyJlMmJmYjczMC1lY2FhLTExZTYtOGY4OC0zNDM2M2JjN2M0YzAiOnsiY3JlYXRlIjoxMjAwMDAwMDAwMDAwLCJkZWxldGUiOjEyMDAwMDAwMDAwMDAsInVwZGF0ZSI6MTIwMDAwMDAwMDAwMH19"
        }
      ]
    }
  ]
}
