{
  "version": 4,
  "terraform_version": "1.0.5",
  "serial": 8,
  "lineage": "23c05a3d-2a19-d550-045b-1ee5cce7df8c",
  "outputs": {},
  "resources": [
    {
      "mode": "managed",
      "type": "google_bigquery_dataset",
      "name": "bd_ds",
      "provider": "provider[\"registry.terraform.io/hashicorp/google\"]",
      "instances": [
        {
          "schema_version": 0,
          "attributes": {
            "access": [
              {
                "dataset": [],
                "domain": "",
                "group_by_email": "",
                "role": "OWNER",
                "special_group": "",
                "user_by_email": "terraform-gcp@terraform-gcp-363411.iam.gserviceaccount.com",
                "view": []
              },
              {
                "dataset": [],
                "domain": "",
                "group_by_email": "",
                "role": "OWNER",
                "special_group": "projectOwners",
                "user_by_email": "",
                "view": []
              },
              {
                "dataset": [],
                "domain": "",
                "group_by_email": "",
                "role": "READER",
                "special_group": "projectReaders",
                "user_by_email": "",
                "view": []
              },
              {
                "dataset": [],
                "domain": "",
                "group_by_email": "",
                "role": "WRITER",
                "special_group": "projectWriters",
                "user_by_email": "",
                "view": []
              }
            ],
            "creation_time": 1664084667939,
            "dataset_id": "ds_from_tf",
            "default_encryption_configuration": [],
            "default_partition_expiration_ms": 0,
            "default_table_expiration_ms": 0,
            "delete_contents_on_destroy": false,
            "description": "",
            "etag": "Sv6YV8jm87nqjr7nxO5IxQ==",
            "friendly_name": "",
            "id": "projects/terraform-gcp-363411/datasets/ds_from_tf",
            "labels": {},
            "last_modified_time": 1664084667939,
            "location": "US",
            "project": "terraform-gcp-363411",
            "self_link": "https://bigquery.googleapis.com/bigquery/v2/projects/terraform-gcp-363411/datasets/ds_from_tf",
            "timeouts": null
          },
          "sensitive_attributes": [],
          "private": "eyJlMmJmYjczMC1lY2FhLTExZTYtOGY4OC0zNDM2M2JjN2M0YzAiOnsiY3JlYXRlIjoxMjAwMDAwMDAwMDAwLCJkZWxldGUiOjEyMDAwMDAwMDAwMDAsInVwZGF0ZSI6MTIwMDAwMDAwMDAwMH19"
        }
      ]
    },
    {
      "mode": "managed",
      "type": "google_bigquery_table",
      "name": "table_tf",
      "provider": "provider[\"registry.terraform.io/hashicorp/google\"]",
      "instances": [
        {
          "schema_version": 0,
          "attributes": {
            "clustering": null,
            "creation_time": 1664084669199,
            "dataset_id": "ds_from_tf",
            "deletion_protection": false,
            "description": "",
            "encryption_configuration": [],
            "etag": "VWSZ7bcUM9ilS4oqaicKIQ==",
            "expiration_time": 0,
            "external_data_configuration": [],
            "friendly_name": "",
            "id": "projects/terraform-gcp-363411/datasets/ds_from_tf/tables/table_from_tf",
            "labels": {},
            "last_modified_time": 1664084669341,
            "location": "US",
            "materialized_view": [],
            "num_bytes": 0,
            "num_long_term_bytes": 0,
            "num_rows": 0,
            "project": "terraform-gcp-363411",
            "range_partitioning": [],
            "schema": null,
            "self_link": "https://bigquery.googleapis.com/bigquery/v2/projects/terraform-gcp-363411/datasets/ds_from_tf/tables/table_from_tf",
            "table_id": "table_from_tf",
            "time_partitioning": [],
            "type": "TABLE",
            "view": []
          },
          "sensitive_attributes": [],
          "private": "bnVsbA==",
          "dependencies": [
            "google_bigquery_dataset.bd_ds"
          ]
        }
      ]
    }
  ]
}
