{
  "version": 4,
  "terraform_version": "1.0.5",
  "serial": 5,
  "lineage": "80119763-a00d-5ed0-9194-2c4c9d377e06",
  "outputs": {
    "name1": {
      "value": 174,
      "type": "number"
    }
  },
  "resources": [
    {
      "mode": "managed",
      "type": "random_integer",
      "name": "rint",
      "provider": "provider[\"registry.terraform.io/hashicorp/random\"]",
      "instances": [
        {
          "schema_version": 0,
          "attributes": {
            "id": "174",
            "keepers": null,
            "max": 200,
            "min": 80,
            "result": 174,
            "seed": null
          },
          "sensitive_attributes": []
        }
      ]
    }
  ]
}
