{
  "version": 4,
  "terraform_version": "1.0.5",
  "serial": 10,
  "lineage": "37eb0759-583b-842e-23d5-97a1701d50a4",
  "outputs": {},
  "resources": [
    {
      "mode": "managed",
      "type": "google_bigtable_instance",
      "name": "bt-from-tf",
      "provider": "provider[\"registry.terraform.io/hashicorp/google\"]",
      "instances": [
        {
          "schema_version": 1,
          "attributes": {
            "cluster": [
              {
                "autoscaling_config": [],
                "cluster_id": "bt-from-tf-1",
                "kms_key_name": "",
                "num_nodes": 1,
                "storage_type": "SSD",
                "zone": "us-central1-a"
              }
            ],
            "deletion_protection": false,
            "display_name": "bt-from-tf",
            "id": "projects/terraform-gcp-363411/instances/bt-from-tf",
            "instance_type": "PRODUCTION",
            "labels": {
              "env": "testing"
            },
            "name": "bt-from-tf",
            "project": "terraform-gcp-363411"
          },
          "sensitive_attributes": [],
          "private": "eyJzY2hlbWFfdmVyc2lvbiI6IjEifQ=="
        }
      ]
    },
    {
      "mode": "managed",
      "type": "google_bigtable_table",
      "name": "tb-from-tf",
      "provider": "provider[\"registry.terraform.io/hashicorp/google\"]",
      "instances": [
        {
          "schema_version": 0,
          "attributes": {
            "column_family": [],
            "id": "projects/terraform-gcp-363411/instances/bt-from-tf/tables/tb-from-tf",
            "instance_name": "bt-from-tf",
            "name": "tb-from-tf",
            "project": "terraform-gcp-363411",
            "split_keys": null,
            "timeouts": null
          },
          "sensitive_attributes": [],
          "private": "eyJlMmJmYjczMC1lY2FhLTExZTYtOGY4OC0zNDM2M2JjN2M0YzAiOnsiY3JlYXRlIjoyNzAwMDAwMDAwMDAwfX0=",
          "dependencies": [
            "google_bigtable_instance.bt-from-tf"
          ]
        }
      ]
    }
  ]
}
