{
  "version": 4,
  "terraform_version": "1.0.5",
  "serial": 4,
  "lineage": "14ec3881-8228-29ea-a4f8-e4ea2b99ad46",
  "outputs": {},
  "resources": [
    {
      "mode": "managed",
      "type": "google_sql_database_instance",
      "name": "mysql-from-tf",
      "provider": "provider[\"registry.terraform.io/hashicorp/google\"]",
      "instances": [
        {
          "schema_version": 0,
          "attributes": {
            "clone": [],
            "connection_name": "terraform-gcp-363411:us-central1:mysql-from-tf",
            "database_version": "MYSQL_8_0",
            "deletion_protection": false,
            "encryption_key_name": null,
            "first_ip_address": "34.173.144.223",
            "id": "mysql-from-tf",
            "ip_address": [
              {
                "ip_address": "34.173.144.223",
                "time_to_retire": "",
                "type": "PRIMARY"
              }
            ],
            "master_instance_name": "",
            "name": "mysql-from-tf",
            "private_ip_address": "",
            "project": "terraform-gcp-363411",
            "public_ip_address": "34.173.144.223",
            "region": "us-central1",
            "replica_configuration": [],
            "restore_backup_context": [],
            "root_password": null,
            "self_link": "https://sqladmin.googleapis.com/sql/v1beta4/projects/terraform-gcp-363411/instances/mysql-from-tf",
            "server_ca_cert": [
              {
                "cert": "-----BEGIN CERTIFICATE-----\nMIIDfzCCAmegAwIBAgIBADANBgkqhkiG9w0BAQsFADB3MS0wKwYDVQQuEyQ5NDA2\nMThhZC03M2M4LTQxNjctODIyMS03OGUxN2U2NDI3MjkxIzAhBgNVBAMTGkdvb2ds\nZSBDbG91ZCBTUUwgU2VydmVyIENBMRQwEgYDVQQKEwtHb29nbGUsIEluYzELMAkG\nA1UEBhMCVVMwHhcNMjIwOTI1MDczMzU0WhcNMzIwOTIyMDczNDU0WjB3MS0wKwYD\nVQQuEyQ5NDA2MThhZC03M2M4LTQxNjctODIyMS03OGUxN2U2NDI3MjkxIzAhBgNV\nBAMTGkdvb2dsZSBDbG91ZCBTUUwgU2VydmVyIENBMRQwEgYDVQQKEwtHb29nbGUs\nIEluYzELMAkGA1UEBhMCVVMwggEiMA0GCSqGSIb3DQEBAQUAA4IBDwAwggEKAoIB\nAQCZj0i+lVGQFv2dmdF9cWXqxWqVYtZfxJ9TBX6PLfY0sBVRjGq1Y6x0mwl70O/P\n8/93VTmSvICzBz0rrtcq9C62X/wWvge6hsRvLIylaj8fIAtxHHUL+vMHsZ023Mss\nTqceR9woT3E6F9zATcKjVxYO49XXEsmnxeFYySB89LpN6iwXwOSUxVjVMLUoOro1\nzNwy3oZfYLdghdUD5enAHoNW/0iZcuiqNUKagwbsUrRBMmvHZr2bLDd8/jIXLk9v\nQAyvAk2aFhrRDEe2i2TelJtKlVfV2Odbo1WfluGP+vuoe6xfS6J8lx+0M2TGkjjp\nG92OnfEqE1YP16wfRT3lhH3/AgMBAAGjFjAUMBIGA1UdEwEB/wQIMAYBAf8CAQAw\nDQYJKoZIhvcNAQELBQADggEBABoGo6ehdP2+NvrJLfwQBa6MwkFPPlTCeScfloCI\nqO1ZjKqZGWOepC2HlTEPEASmeY0/bIZ2BmvybVmEIYQvoZQ0ybgELbWroK6AVcZh\nJzO45BQyBXxMowpASSmiyelMS6pIxlW5X44CkW6VvlSRFQeHqnbdRApQFEt6bKLz\nOBEpBmhKF1OVGnzB0Ycwmo3Qv2hiM7E39ZwrO+C9rPI2l/kuu2cuzHVdMXs9hWrn\nuhKK1myLVqXcXuHujIu0+qgPlbCM34i7smSON+MmJF8mwpsxG5O28LOST6Pe8iw6\npHH+qGe0Zk9idhkIFfvd1X3D8xjzxlvej2/X4Vrxy3azOug=\n-----END CERTIFICATE-----",
                "common_name": "C=US,O=Google\\, Inc,CN=Google Cloud SQL Server CA,dnQualifier=940618ad-73c8-4167-8221-78e17e642729",
                "create_time": "2022-09-25T07:33:54.349Z",
                "expiration_time": "2032-09-22T07:34:54.349Z",
                "sha1_fingerprint": "1facfd17186d02fb5b05885b72b8639145ae8d84"
              }
            ],
            "service_account_email_address": "p285860642587-cv82ti@gcp-sa-cloud-sql.iam.gserviceaccount.com",
            "settings": [
              {
                "activation_policy": "ALWAYS",
                "active_directory_config": [],
                "availability_type": "ZONAL",
                "backup_configuration": [
                  {
                    "backup_retention_settings": [
                      {
                        "retained_backups": 7,
                        "retention_unit": "COUNT"
                      }
                    ],
                    "binary_log_enabled": false,
                    "enabled": false,
                    "location": "",
                    "point_in_time_recovery_enabled": false,
                    "start_time": "23:00",
                    "transaction_log_retention_days": 7
                  }
                ],
                "collation": "",
                "database_flags": [],
                "disk_autoresize": true,
                "disk_autoresize_limit": 0,
                "disk_size": 10,
                "disk_type": "PD_SSD",
                "insights_config": [],
                "ip_configuration": [
                  {
                    "allocated_ip_range": "",
                    "authorized_networks": [],
                    "ipv4_enabled": true,
                    "private_network": "",
                    "require_ssl": false
                  }
                ],
                "location_preference": [
                  {
                    "follow_gae_application": "",
                    "secondary_zone": "",
                    "zone": "us-central1-c"
                  }
                ],
                "maintenance_window": [],
                "password_validation_policy": [],
                "pricing_plan": "PER_USE",
                "sql_server_audit_config": [],
                "tier": "db-f1-micro",
                "user_labels": {},
                "version": 1
              }
            ],
            "timeouts": null
          },
          "sensitive_attributes": [],
          "private": "eyJlMmJmYjczMC1lY2FhLTExZTYtOGY4OC0zNDM2M2JjN2M0YzAiOnsiY3JlYXRlIjoxODAwMDAwMDAwMDAwLCJkZWxldGUiOjE4MDAwMDAwMDAwMDAsInVwZGF0ZSI6MTgwMDAwMDAwMDAwMH19"
        }
      ]
    },
    {
      "mode": "managed",
      "type": "google_sql_user",
      "name": "myuser",
      "provider": "provider[\"registry.terraform.io/hashicorp/google\"]",
      "instances": [
        {
          "schema_version": 1,
          "attributes": {
            "deletion_policy": null,
            "host": "",
            "id": "raja//mysql-from-tf",
            "instance": "mysql-from-tf",
            "name": "raja",
            "password": "admin@123",
            "project": "terraform-gcp-363411",
            "sql_server_user_details": [],
            "timeouts": null,
            "type": ""
          },
          "sensitive_attributes": [],
          "private": "eyJlMmJmYjczMC1lY2FhLTExZTYtOGY4OC0zNDM2M2JjN2M0YzAiOnsiY3JlYXRlIjo2MDAwMDAwMDAwMDAsImRlbGV0ZSI6NjAwMDAwMDAwMDAwLCJ1cGRhdGUiOjYwMDAwMDAwMDAwMH0sInNjaGVtYV92ZXJzaW9uIjoiMSJ9",
          "dependencies": [
            "google_sql_database_instance.mysql-from-tf"
          ]
        }
      ]
    }
  ]
}
