{
  "version": 4,
  "terraform_version": "1.0.5",
  "serial": 1,
  "lineage": "c0086642-e4d4-6829-98d8-b9393df965be",
  "outputs": {
    "bucket-name": {
      "value": "module.gcs-static-website-bucket.bucket",
      "type": "string"
    }
  },
  "resources": [
    {
      "module": "module.gcs-static-website-bucket",
      "mode": "managed",
      "type": "google_storage_bucket",
      "name": "bucket",
      "provider": "provider[\"registry.terraform.io/hashicorp/google\"]",
      "instances": [
        {
          "schema_version": 0,
          "attributes": {
            "cors": [],
            "default_event_based_hold": false,
            "encryption": [],
            "force_destroy": true,
            "id": "starlit-effect-341904",
            "labels": null,
            "lifecycle_rule": [
              {
                "action": [
                  {
                    "storage_class": "",
                    "type": "Delete"
                  }
                ],
                "condition": [
                  {
                    "age": 365,
                    "created_before": "",
                    "custom_time_before": "",
                    "days_since_custom_time": null,
                    "days_since_noncurrent_time": null,
                    "matches_storage_class": [],
                    "noncurrent_time_before": "",
                    "num_newer_versions": null,
                    "with_state": "ANY"
                  }
                ]
              }
            ],
            "location": "US-EAST1",
            "logging": [],
            "name": "starlit-effect-341904",
            "project": "starlit-effect-341904",
            "requester_pays": false,
            "retention_policy": [],
            "self_link": "https://www.googleapis.com/storage/v1/b/starlit-effect-341904",
            "storage_class": "STANDARD",
            "timeouts": null,
            "uniform_bucket_level_access": true,
            "url": "gs://starlit-effect-341904",
            "versioning": [
              {
                "enabled": true
              }
            ],
            "website": []
          },
          "sensitive_attributes": [],
          "private": "eyJlMmJmYjczMC1lY2FhLTExZTYtOGY4OC0zNDM2M2JjN2M0YzAiOnsiY3JlYXRlIjoyNDAwMDAwMDAwMDAsInJlYWQiOjI0MDAwMDAwMDAwMCwidXBkYXRlIjoyNDAwMDAwMDAwMDB9fQ=="
        }
      ]
    }
  ]
}
