{
  "version": 4,
  "terraform_version": "1.0.5",
  "serial": 9,
  "lineage": "01851b85-0118-9522-444b-d7be61e832e7",
  "outputs": {},
  "resources": [
    {
      "mode": "data",
      "type": "google_iam_policy",
      "name": "pub-1",
      "provider": "provider[\"registry.terraform.io/hashicorp/google\"]",
      "instances": [
        {
          "schema_version": 0,
          "attributes": {
            "audit_config": null,
            "binding": [
              {
                "condition": [],
                "members": [
                  "allUsers"
                ],
                "role": "roles/run.invoker"
              }
            ],
            "id": "3450855414",
            "policy_data": "{\"bindings\":[{\"members\":[\"allUsers\"],\"role\":\"roles/run.invoker\"}]}"
          },
          "sensitive_attributes": []
        }
      ]
    },
    {
      "mode": "managed",
      "type": "google_cloud_run_service",
      "name": "run-app-from-tf",
      "provider": "provider[\"registry.terraform.io/hashicorp/google\"]",
      "instances": [
        {
          "schema_version": 1,
          "attributes": {
            "autogenerate_revision_name": false,
            "id": "locations/asia-southeast1/namespaces/terraform-gcp-363411/services/run-app-from-tf",
            "location": "asia-southeast1",
            "metadata": [
              {
                "annotations": {
                  "run.googleapis.com/ingress": "all",
                  "run.googleapis.com/ingress-status": "all",
                  "serving.knative.dev/creator": "terraform-gcp@terraform-gcp-363411.iam.gserviceaccount.com",
                  "serving.knative.dev/lastModifier": "terraform-gcp@terraform-gcp-363411.iam.gserviceaccount.com"
                },
                "generation": 3,
                "labels": {
                  "cloud.googleapis.com/location": "asia-southeast1"
                },
                "namespace": "terraform-gcp-363411",
                "resource_version": "AAXpaN5P4Uw",
                "self_link": "/apis/serving.knative.dev/v1/namespaces/285860642587/services/run-app-from-tf",
                "uid": "543bb388-944d-4a72-9b79-45ac1330c8fd"
              }
            ],
            "name": "run-app-from-tf",
            "project": "terraform-gcp-363411",
            "status": [
              {
                "conditions": [
                  {
                    "message": "",
                    "reason": "",
                    "status": "True",
                    "type": "Ready"
                  },
                  {
                    "message": "",
                    "reason": "",
                    "status": "True",
                    "type": "ConfigurationsReady"
                  },
                  {
                    "message": "",
                    "reason": "",
                    "status": "True",
                    "type": "RoutesReady"
                  }
                ],
                "latest_created_revision_name": "run-app-from-tf-479mr",
                "latest_ready_revision_name": "run-app-from-tf-479mr",
                "observed_generation": 3,
                "url": "https://run-app-from-tf-crrwpzbuoa-as.a.run.app"
              }
            ],
            "template": [
              {
                "metadata": [
                  {
                    "annotations": {
                      "autoscaling.knative.dev/maxScale": "100"
                    },
                    "generation": 0,
                    "labels": {},
                    "name": "",
                    "namespace": "",
                    "resource_version": "",
                    "self_link": "",
                    "uid": ""
                  }
                ],
                "spec": [
                  {
                    "container_concurrency": 80,
                    "containers": [
                      {
                        "args": [],
                        "command": [],
                        "env": [],
                        "env_from": [],
                        "image": "gcr.io/google-samples/hello-app:2.0",
                        "ports": [
                          {
                            "container_port": 8080,
                            "name": "http1",
                            "protocol": ""
                          }
                        ],
                        "resources": [
                          {
                            "limits": {
                              "cpu": "1000m",
                              "memory": "512Mi"
                            },
                            "requests": {}
                          }
                        ],
                        "volume_mounts": [],
                        "working_dir": ""
                      }
                    ],
                    "service_account_name": "285860642587-compute@developer.gserviceaccount.com",
                    "serving_state": "",
                    "timeout_seconds": 300,
                    "volumes": []
                  }
                ]
              }
            ],
            "timeouts": null,
            "traffic": [
              {
                "latest_revision": false,
                "percent": 50,
                "revision_name": "run-app-from-tf-479mr",
                "tag": "",
                "url": ""
              },
              {
                "latest_revision": false,
                "percent": 50,
                "revision_name": "run-app-from-tf-z57f2",
                "tag": "",
                "url": ""
              }
            ]
          },
          "sensitive_attributes": [],
          "private": "eyJlMmJmYjczMC1lY2FhLTExZTYtOGY4OC0zNDM2M2JjN2M0YzAiOnsiY3JlYXRlIjoxMjAwMDAwMDAwMDAwLCJkZWxldGUiOjEyMDAwMDAwMDAwMDAsInVwZGF0ZSI6MTIwMDAwMDAwMDAwMH0sInNjaGVtYV92ZXJzaW9uIjoiMSJ9"
        }
      ]
    },
    {
      "mode": "managed",
      "type": "google_cloud_run_service_iam_policy",
      "name": "pub_access",
      "provider": "provider[\"registry.terraform.io/hashicorp/google\"]",
      "instances": [
        {
          "schema_version": 0,
          "attributes": {
            "etag": "BwXpaMh22x0=",
            "id": "v1/projects/terraform-gcp-363411/locations/asia-southeast1/services/run-app-from-tf",
            "location": "asia-southeast1",
            "policy_data": "{\"bindings\":[{\"members\":[\"allUsers\"],\"role\":\"roles/run.invoker\"}]}",
            "project": "terraform-gcp-363411",
            "service": "v1/projects/terraform-gcp-363411/locations/asia-southeast1/services/run-app-from-tf"
          },
          "sensitive_attributes": [],
          "private": "bnVsbA==",
          "dependencies": [
            "data.google_iam_policy.pub-1",
            "google_cloud_run_service.run-app-from-tf"
          ]
        }
      ]
    }
  ]
}
